
Microsoft Visual Studio Solution File, Format Version 12.00
# Visual Studio Version 16
VisualStudioVersion = 16.0.30804.86
MinimumVisualStudioVersion = 10.0.40219.1
Project("{FAE04EC0-301F-11D3-BF4B-00C04F79EFBC}") = "JaggedArray", "JaggedArray.csproj", "{DA7AEEA1-0B53-4C4E-8E1B-F1B183CD1FB7}"
EndProject
Project("{FAE04EC0-301F-11D3-BF4B-00C04F79EFBC}") = "JaggedArray.Tests", "..\JaggedArray.Tests\JaggedArray.Tests.csproj", "{034A39CA-A064-4EC3-B63C-E77639937618}"
EndProject
Global
	GlobalSection(SolutionConfigurationPlatforms) = preSolution
		Debug|Any CPU = Debug|Any CPU
		Release|Any CPU = Release|Any CPU
	EndGlobalSection
	GlobalSection(ProjectConfigurationPlatforms) = postSolution
		{DA7AEEA1-0B53-4C4E-8E1B-F1B183CD1FB7}.Debug|Any CPU.ActiveCfg = Debug|Any CPU
		{DA7AEEA1-0B53-4C4E-8E1B-F1B183CD1FB7}.Debug|Any CPU.Build.0 = Debug|Any CPU
		{DA7AEEA1-0B53-4C4E-8E1B-F1B183CD1FB7}.Release|Any CPU.ActiveCfg = Release|Any CPU
		{DA7AEEA1-0B53-4C4E-8E1B-F1B183CD1FB7}.Release|Any CPU.Build.0 = Release|Any CPU
		{034A39CA-A064-4EC3-B63C-E77639937618}.Debug|Any CPU.ActiveCfg = Debug|Any CPU
		{034A39CA-A064-4EC3-B63C-E77639937618}.Debug|Any CPU.Build.0 = Debug|Any CPU
		{034A39CA-A064-4EC3-B63C-E77639937618}.Release|Any CPU.ActiveCfg = Release|Any CPU
		{034A39CA-A064-4EC3-B63C-E77639937618}.Release|Any CPU.Build.0 = Release|Any CPU
	EndGlobalSection
	GlobalSection(SolutionProperties) = preSolution
		HideSolutionNode = FALSE
	EndGlobalSection
	GlobalSection(ExtensibilityGlobals) = postSolution
		SolutionGuid = {841C4ECB-0C43-443A-9008-49199C3DD806}
	EndGlobalSection
EndGlobal
